
Microsoft Visual Studio Solution File, Format Version 12.00
# Visual Studio Version 16
VisualStudioVersion = 16.0.30523.141
MinimumVisualStudioVersion = 10.0.40219.1
Project("{FAE04EC0-301F-11D3-BF4B-00C04F79EFBC}") = "ConsoleApp2", "ConsoleApp2\ConsoleApp2.csproj", "{821A0E64-564F-4071-8D52-C3AFE9D5E9BB}"
EndProject
Global
	GlobalSection(SolutionConfigurationPlatforms) = preSolution
		Debug|Any CPU = Debug|Any CPU
		Release|Any CPU = Release|Any CPU
	EndGlobalSection
	GlobalSection(ProjectConfigurationPlatforms) = postSolution
		{821A0E64-564F-4071-8D52-C3AFE9D5E9BB}.Debug|Any CPU.ActiveCfg = Debug|Any CPU
		{821A0E64-564F-4071-8D52-C3AFE9D5E9BB}.Debug|Any CPU.Build.0 = Debug|Any CPU
		{821A0E64-564F-4071-8D52-C3AFE9D5E9BB}.Release|Any CPU.ActiveCfg = Release|Any CPU
		{821A0E64-564F-4071-8D52-C3AFE9D5E9BB}.Release|Any CPU.Build.0 = Release|Any CPU
	EndGlobalSection
	GlobalSection(SolutionProperties) = preSolution
		HideSolutionNode = FALSE
	EndGlobalSection
	GlobalSection(ExtensibilityGlobals) = postSolution
		SolutionGuid = {B450DE0A-B7B6-4A79-B49C-BD68DC80FCDB}
	EndGlobalSection
EndGlobal
