
Microsoft Visual Studio Solution File, Format Version 12.00
# Visual Studio Version 16
VisualStudioVersion = 16.0.30523.141
MinimumVisualStudioVersion = 10.0.40219.1
Project("{FAE04EC0-301F-11D3-BF4B-00C04F79EFBC}") = "ConsoleApp5", "ConsoleApp5\ConsoleApp5.csproj", "{974B1708-EC4B-49E3-8AF3-E4992351FEBD}"
EndProject
Global
	GlobalSection(SolutionConfigurationPlatforms) = preSolution
		Debug|Any CPU = Debug|Any CPU
		Release|Any CPU = Release|Any CPU
	EndGlobalSection
	GlobalSection(ProjectConfigurationPlatforms) = postSolution
		{974B1708-EC4B-49E3-8AF3-E4992351FEBD}.Debug|Any CPU.ActiveCfg = Debug|Any CPU
		{974B1708-EC4B-49E3-8AF3-E4992351FEBD}.Debug|Any CPU.Build.0 = Debug|Any CPU
		{974B1708-EC4B-49E3-8AF3-E4992351FEBD}.Release|Any CPU.ActiveCfg = Release|Any CPU
		{974B1708-EC4B-49E3-8AF3-E4992351FEBD}.Release|Any CPU.Build.0 = Release|Any CPU
	EndGlobalSection
	GlobalSection(SolutionProperties) = preSolution
		HideSolutionNode = FALSE
	EndGlobalSection
	GlobalSection(ExtensibilityGlobals) = postSolution
		SolutionGuid = {7A7947E8-9D81-47DA-B447-72A5FE34BD74}
	EndGlobalSection
EndGlobal
