
Microsoft Visual Studio Solution File, Format Version 12.00
# Visual Studio Version 16
VisualStudioVersion = 16.0.30523.141
MinimumVisualStudioVersion = 10.0.40219.1
Project("{FAE04EC0-301F-11D3-BF4B-00C04F79EFBC}") = "Exercises Switch Q1", "Exercises Switch\Exercises Switch Q1.csproj", "{51F5EE60-1C40-44A8-A186-6B908B91B2E3}"
EndProject
Project("{FAE04EC0-301F-11D3-BF4B-00C04F79EFBC}") = "Exercises Switch Q2", "Exercises Switch Q2\Exercises Switch Q2.csproj", "{FBC976F8-0DC5-4576-8AA2-3EFF03B0B5A0}"
EndProject
Project("{FAE04EC0-301F-11D3-BF4B-00C04F79EFBC}") = "Switch Exercises Q3", "Switch Exercises Q3\Switch Exercises Q3.csproj", "{EF739387-1003-46BC-AFA6-029F776FFA24}"
EndProject
Project("{FAE04EC0-301F-11D3-BF4B-00C04F79EFBC}") = "Exercises Switch Q4", "Exercises Switch Q4\Exercises Switch Q4.csproj", "{E49CB285-ED95-4024-8F2A-E2570B73A38A}"
EndProject
Global
	GlobalSection(SolutionConfigurationPlatforms) = preSolution
		Debug|Any CPU = Debug|Any CPU
		Release|Any CPU = Release|Any CPU
	EndGlobalSection
	GlobalSection(ProjectConfigurationPlatforms) = postSolution
		{51F5EE60-1C40-44A8-A186-6B908B91B2E3}.Debug|Any CPU.ActiveCfg = Debug|Any CPU
		{51F5EE60-1C40-44A8-A186-6B908B91B2E3}.Debug|Any CPU.Build.0 = Debug|Any CPU
		{51F5EE60-1C40-44A8-A186-6B908B91B2E3}.Release|Any CPU.ActiveCfg = Release|Any CPU
		{51F5EE60-1C40-44A8-A186-6B908B91B2E3}.Release|Any CPU.Build.0 = Release|Any CPU
		{FBC976F8-0DC5-4576-8AA2-3EFF03B0B5A0}.Debug|Any CPU.ActiveCfg = Debug|Any CPU
		{FBC976F8-0DC5-4576-8AA2-3EFF03B0B5A0}.Debug|Any CPU.Build.0 = Debug|Any CPU
		{FBC976F8-0DC5-4576-8AA2-3EFF03B0B5A0}.Release|Any CPU.ActiveCfg = Release|Any CPU
		{FBC976F8-0DC5-4576-8AA2-3EFF03B0B5A0}.Release|Any CPU.Build.0 = Release|Any CPU
		{EF739387-1003-46BC-AFA6-029F776FFA24}.Debug|Any CPU.ActiveCfg = Debug|Any CPU
		{EF739387-1003-46BC-AFA6-029F776FFA24}.Debug|Any CPU.Build.0 = Debug|Any CPU
		{EF739387-1003-46BC-AFA6-029F776FFA24}.Release|Any CPU.ActiveCfg = Release|Any CPU
		{EF739387-1003-46BC-AFA6-029F776FFA24}.Release|Any CPU.Build.0 = Release|Any CPU
		{E49CB285-ED95-4024-8F2A-E2570B73A38A}.Debug|Any CPU.ActiveCfg = Debug|Any CPU
		{E49CB285-ED95-4024-8F2A-E2570B73A38A}.Debug|Any CPU.Build.0 = Debug|Any CPU
		{E49CB285-ED95-4024-8F2A-E2570B73A38A}.Release|Any CPU.ActiveCfg = Release|Any CPU
		{E49CB285-ED95-4024-8F2A-E2570B73A38A}.Release|Any CPU.Build.0 = Release|Any CPU
	EndGlobalSection
	GlobalSection(SolutionProperties) = preSolution
		HideSolutionNode = FALSE
	EndGlobalSection
	GlobalSection(ExtensibilityGlobals) = postSolution
		SolutionGuid = {3F4C67E2-DC0F-4DCF-B9EC-FD3878B35B22}
	EndGlobalSection
EndGlobal
