
Microsoft Visual Studio Solution File, Format Version 12.00
# Visual Studio Version 16
VisualStudioVersion = 16.0.30523.141
MinimumVisualStudioVersion = 10.0.40219.1
Project("{FAE04EC0-301F-11D3-BF4B-00C04F79EFBC}") = "Lab1", "Lab1\Lab1.csproj", "{72056D7B-027D-4BDE-827C-EF9854EAE417}"
EndProject
Global
	GlobalSection(SolutionConfigurationPlatforms) = preSolution
		Debug|Any CPU = Debug|Any CPU
		Release|Any CPU = Release|Any CPU
	EndGlobalSection
	GlobalSection(ProjectConfigurationPlatforms) = postSolution
		{72056D7B-027D-4BDE-827C-EF9854EAE417}.Debug|Any CPU.ActiveCfg = Debug|Any CPU
		{72056D7B-027D-4BDE-827C-EF9854EAE417}.Debug|Any CPU.Build.0 = Debug|Any CPU
		{72056D7B-027D-4BDE-827C-EF9854EAE417}.Release|Any CPU.ActiveCfg = Release|Any CPU
		{72056D7B-027D-4BDE-827C-EF9854EAE417}.Release|Any CPU.Build.0 = Release|Any CPU
	EndGlobalSection
	GlobalSection(SolutionProperties) = preSolution
		HideSolutionNode = FALSE
	EndGlobalSection
	GlobalSection(ExtensibilityGlobals) = postSolution
		SolutionGuid = {AADAD71A-538A-4685-A8A9-9F754683B666}
	EndGlobalSection
EndGlobal
