
Microsoft Visual Studio Solution File, Format Version 12.00
# Visual Studio Version 16
VisualStudioVersion = 16.0.30523.141
MinimumVisualStudioVersion = 10.0.40219.1
Project("{FAE04EC0-301F-11D3-BF4B-00C04F79EFBC}") = "ConsoleApp9", "ConsoleApp9\ConsoleApp9.csproj", "{E77BB948-746B-450B-96EC-9D474671F023}"
EndProject
Global
	GlobalSection(SolutionConfigurationPlatforms) = preSolution
		Debug|Any CPU = Debug|Any CPU
		Release|Any CPU = Release|Any CPU
	EndGlobalSection
	GlobalSection(ProjectConfigurationPlatforms) = postSolution
		{E77BB948-746B-450B-96EC-9D474671F023}.Debug|Any CPU.ActiveCfg = Debug|Any CPU
		{E77BB948-746B-450B-96EC-9D474671F023}.Debug|Any CPU.Build.0 = Debug|Any CPU
		{E77BB948-746B-450B-96EC-9D474671F023}.Release|Any CPU.ActiveCfg = Release|Any CPU
		{E77BB948-746B-450B-96EC-9D474671F023}.Release|Any CPU.Build.0 = Release|Any CPU
	EndGlobalSection
	GlobalSection(SolutionProperties) = preSolution
		HideSolutionNode = FALSE
	EndGlobalSection
	GlobalSection(ExtensibilityGlobals) = postSolution
		SolutionGuid = {9CAD4238-76F5-4B14-AD75-44262E4E01E4}
	EndGlobalSection
EndGlobal
